
Microsoft Visual Studio Solution File, Format Version 12.00
# Visual Studio Version 17
VisualStudioVersion = 17.3.32929.385
MinimumVisualStudioVersion = 10.0.40219.1
Project("{9A19103F-16F7-4668-BE54-9A1E7A4F7556}") = "ConnectFourApp", "ConnectFourApp\ConnectFourApp.csproj", "{526F9726-E347-4B2E-A701-BE369F6C4261}"
EndProject
Project("{FAE04EC0-301F-11D3-BF4B-00C04F79EFBC}") = "ConnectFourSystem", "..\ConnectFourSystem\ConnectFourSystem.csproj", "{36777C14-4FE2-44A2-BB01-E3D6694EBC52}"
EndProject
Project("{FAE04EC0-301F-11D3-BF4B-00C04F79EFBC}") = "ConnectFourTest", "..\ConnectFourTest\ConnectFourTest.csproj", "{C989E8E8-CEB6-42CA-A60B-F369AA38F046}"
EndProject
Project("{FAE04EC0-301F-11D3-BF4B-00C04F79EFBC}") = "ConnectFourMaui", "..\ConnectFourMaui\ConnectFourMaui.csproj", "{78E26634-30C3-4D56-907A-7DD420505C77}"
EndProject
Global
	GlobalSection(SolutionConfigurationPlatforms) = preSolution
		Debug|Any CPU = Debug|Any CPU
		Release|Any CPU = Release|Any CPU
	EndGlobalSection
	GlobalSection(ProjectConfigurationPlatforms) = postSolution
		{526F9726-E347-4B2E-A701-BE369F6C4261}.Debug|Any CPU.ActiveCfg = Debug|Any CPU
		{526F9726-E347-4B2E-A701-BE369F6C4261}.Debug|Any CPU.Build.0 = Debug|Any CPU
		{526F9726-E347-4B2E-A701-BE369F6C4261}.Release|Any CPU.ActiveCfg = Release|Any CPU
		{526F9726-E347-4B2E-A701-BE369F6C4261}.Release|Any CPU.Build.0 = Release|Any CPU
		{36777C14-4FE2-44A2-BB01-E3D6694EBC52}.Debug|Any CPU.ActiveCfg = Debug|Any CPU
		{36777C14-4FE2-44A2-BB01-E3D6694EBC52}.Debug|Any CPU.Build.0 = Debug|Any CPU
		{36777C14-4FE2-44A2-BB01-E3D6694EBC52}.Release|Any CPU.ActiveCfg = Release|Any CPU
		{36777C14-4FE2-44A2-BB01-E3D6694EBC52}.Release|Any CPU.Build.0 = Release|Any CPU
		{C989E8E8-CEB6-42CA-A60B-F369AA38F046}.Debug|Any CPU.ActiveCfg = Debug|Any CPU
		{C989E8E8-CEB6-42CA-A60B-F369AA38F046}.Debug|Any CPU.Build.0 = Debug|Any CPU
		{C989E8E8-CEB6-42CA-A60B-F369AA38F046}.Release|Any CPU.ActiveCfg = Release|Any CPU
		{C989E8E8-CEB6-42CA-A60B-F369AA38F046}.Release|Any CPU.Build.0 = Release|Any CPU
		{78E26634-30C3-4D56-907A-7DD420505C77}.Debug|Any CPU.ActiveCfg = Debug|Any CPU
		{78E26634-30C3-4D56-907A-7DD420505C77}.Debug|Any CPU.Build.0 = Debug|Any CPU
		{78E26634-30C3-4D56-907A-7DD420505C77}.Debug|Any CPU.Deploy.0 = Debug|Any CPU
		{78E26634-30C3-4D56-907A-7DD420505C77}.Release|Any CPU.ActiveCfg = Release|Any CPU
		{78E26634-30C3-4D56-907A-7DD420505C77}.Release|Any CPU.Build.0 = Release|Any CPU
		{78E26634-30C3-4D56-907A-7DD420505C77}.Release|Any CPU.Deploy.0 = Release|Any CPU
	EndGlobalSection
	GlobalSection(SolutionProperties) = preSolution
		HideSolutionNode = FALSE
	EndGlobalSection
	GlobalSection(ExtensibilityGlobals) = postSolution
		SolutionGuid = {6D2A9E68-472A-4915-B8E3-83CA6B08B1BB}
	EndGlobalSection
EndGlobal
